
Microsoft Visual Studio Solution File, Format Version 12.00
Project("{FAE04EC0-301F-11D3-BF4B-00C04F79EFBC}") = "XPdfSharp", "XPdfSharp\XPdfSharp.csproj", "{890EB287-6B5E-4718-9C0E-4951AC47B649}"
EndProject
Project("{FAE04EC0-301F-11D3-BF4B-00C04F79EFBC}") = "Demo", "Demo\Demo.csproj", "{F1ECFACF-4A02-4AFE-97DB-6FA1B4585A6E}"
EndProject
Global
	GlobalSection(SolutionConfigurationPlatforms) = preSolution
		Debug|Any CPU = Debug|Any CPU
		Release|Any CPU = Release|Any CPU
	EndGlobalSection
	GlobalSection(ProjectConfigurationPlatforms) = postSolution
		{890EB287-6B5E-4718-9C0E-4951AC47B649}.Debug|Any CPU.ActiveCfg = Debug|Any CPU
		{890EB287-6B5E-4718-9C0E-4951AC47B649}.Debug|Any CPU.Build.0 = Debug|Any CPU
		{890EB287-6B5E-4718-9C0E-4951AC47B649}.Release|Any CPU.ActiveCfg = Release|Any CPU
		{890EB287-6B5E-4718-9C0E-4951AC47B649}.Release|Any CPU.Build.0 = Release|Any CPU
		{F1ECFACF-4A02-4AFE-97DB-6FA1B4585A6E}.Debug|Any CPU.ActiveCfg = Debug|Any CPU
		{F1ECFACF-4A02-4AFE-97DB-6FA1B4585A6E}.Debug|Any CPU.Build.0 = Debug|Any CPU
		{F1ECFACF-4A02-4AFE-97DB-6FA1B4585A6E}.Release|Any CPU.ActiveCfg = Release|Any CPU
		{F1ECFACF-4A02-4AFE-97DB-6FA1B4585A6E}.Release|Any CPU.Build.0 = Release|Any CPU
	EndGlobalSection
EndGlobal
